
Microsoft Visual Studio Solution File, Format Version 12.00
Project("{FAE04EC0-301F-11D3-BF4B-00C04F79EFBC}") = "Italbytz.Ports.Algorithms.EA", "Italbytz.Ports.Algorithms.EA\Italbytz.Ports.Algorithms.EA.csproj", "{0E9A72A3-D97E-492C-9F62-A9FB5A442536}"
EndProject
Global
	GlobalSection(SolutionConfigurationPlatforms) = preSolution
		Debug|Any CPU = Debug|Any CPU
		Release|Any CPU = Release|Any CPU
	EndGlobalSection
	GlobalSection(ProjectConfigurationPlatforms) = postSolution
		{0E9A72A3-D97E-492C-9F62-A9FB5A442536}.Debug|Any CPU.ActiveCfg = Debug|Any CPU
		{0E9A72A3-D97E-492C-9F62-A9FB5A442536}.Debug|Any CPU.Build.0 = Debug|Any CPU
		{0E9A72A3-D97E-492C-9F62-A9FB5A442536}.Release|Any CPU.ActiveCfg = Release|Any CPU
		{0E9A72A3-D97E-492C-9F62-A9FB5A442536}.Release|Any CPU.Build.0 = Release|Any CPU
	EndGlobalSection
EndGlobal
